<?xml version="1.0" encoding="utf-8"?>
<Project ToolsVersion="4.0" xmlns="http://schemas.microsoft.com/developer/msbuild/2003">
  <ItemGroup>
    <ClCompile Include="AABB.cpp">
      <Filter>Source</Filter>
    </ClCompile>
    <ClCompile Include="AreaLight.cpp">
      <Filter>Source</Filter>
    </ClCompile>
    <ClCompile Include="Camera.cpp">
      <Filter>Source</Filter>
    </ClCompile>
    <ClCompile Include="Light.cpp">
      <Filter>Source</Filter>
    </ClCompile>
    <ClCompile Include="main.cpp">
      <Filter>Source</Filter>
    </ClCompile>
    <ClCompile Include="Material.cpp">
      <Filter>Source</Filter>
    </ClCompile>
    <ClCompile Include="Mesh.cpp">
      <Filter>Source</Filter>
    </ClCompile>
    <ClCompile Include="MeshComponent.cpp">
      <Filter>Source</Filter>
    </ClCompile>
    <ClCompile Include="MeshLight.cpp">
      <Filter>Source</Filter>
    </ClCompile>
    <ClCompile Include="Photon.cpp">
      <Filter>Source</Filter>
    </ClCompile>
    <ClCompile Include="PhotonMap.cpp">
      <Filter>Source</Filter>
    </ClCompile>
    <ClCompile Include="PhotonsIterator.cpp">
      <Filter>Source</Filter>
    </ClCompile>
    <ClCompile Include="PointDirLight.cpp">
      <Filter>Source</Filter>
    </ClCompile>
    <ClCompile Include="PointLight.cpp">
      <Filter>Source</Filter>
    </ClCompile>
    <ClCompile Include="RGBA.cpp">
      <Filter>Source</Filter>
    </ClCompile>
    <ClCompile Include="Scene.cpp">
      <Filter>Source</Filter>
    </ClCompile>
    <ClCompile Include="tinyxml2.cpp">
      <Filter>Source</Filter>
    </ClCompile>
    <ClCompile Include="Vector3D.cpp">
      <Filter>Source</Filter>
    </ClCompile>
    <ClCompile Include="DirectionalLight.cpp">
      <Filter>Source</Filter>
    </ClCompile>
  </ItemGroup>
  <ItemGroup>
    <ClInclude Include="AABB.h">
      <Filter>Headers</Filter>
    </ClInclude>
    <ClInclude Include="AreaLight.h">
      <Filter>Headers</Filter>
    </ClInclude>
    <ClInclude Include="Camera.h">
      <Filter>Headers</Filter>
    </ClInclude>
    <ClInclude Include="Light.h">
      <Filter>Headers</Filter>
    </ClInclude>
    <ClInclude Include="DirectionalLight.h">
      <Filter>Headers</Filter>
    </ClInclude>
    <ClInclude Include="Material.h">
      <Filter>Headers</Filter>
    </ClInclude>
    <ClInclude Include="Mesh.h">
      <Filter>Headers</Filter>
    </ClInclude>
    <ClInclude Include="MeshComponent.h">
      <Filter>Headers</Filter>
    </ClInclude>
    <ClInclude Include="MeshLight.h">
      <Filter>Headers</Filter>
    </ClInclude>
    <ClInclude Include="Photon.h">
      <Filter>Headers</Filter>
    </ClInclude>
    <ClInclude Include="PhotonMap.h">
      <Filter>Headers</Filter>
    </ClInclude>
    <ClInclude Include="PhotonsIterator.h">
      <Filter>Headers</Filter>
    </ClInclude>
    <ClInclude Include="PointDirLight.h">
      <Filter>Headers</Filter>
    </ClInclude>
    <ClInclude Include="PointLight.h">
      <Filter>Headers</Filter>
    </ClInclude>
    <ClInclude Include="resource.h">
      <Filter>Headers</Filter>
    </ClInclude>
    <ClInclude Include="RGBA.h">
      <Filter>Headers</Filter>
    </ClInclude>
    <ClInclude Include="Scene.h">
      <Filter>Headers</Filter>
    </ClInclude>
    <ClInclude Include="tinyxml2.h">
      <Filter>Headers</Filter>
    </ClInclude>
    <ClInclude Include="Vector3D.h">
      <Filter>Headers</Filter>
    </ClInclude>
  </ItemGroup>
  <ItemGroup>
    <Filter Include="Headers">
      <UniqueIdentifier>{a2e5bac9-c4b6-4988-8c3c-1faf461f6407}</UniqueIdentifier>
    </Filter>
    <Filter Include="Source">
      <UniqueIdentifier>{08d3a229-3567-4f5c-a5a9-24badb61df91}</UniqueIdentifier>
    </Filter>
    <Filter Include="Resources">
      <UniqueIdentifier>{c413fbba-4cf2-4795-a0ce-1ac4c9c0b39a}</UniqueIdentifier>
    </Filter>
  </ItemGroup>
  <ItemGroup>
    <Image Include="bender.ico">
      <Filter>Resources</Filter>
    </Image>
  </ItemGroup>
  <ItemGroup>
    <ResourceCompile Include="Kuantun1.rc">
      <Filter>Resources</Filter>
    </ResourceCompile>
  </ItemGroup>
</Project>